
Microsoft Visual Studio Solution File, Format Version 12.00
# Visual Studio Version 17
VisualStudioVersion = 17.2.32630.192
MinimumVisualStudioVersion = 10.0.40219.1
Project("{9A19103F-16F7-4668-BE54-9A1E7A4F7556}") = "EMSuite", "EMSuite\EMSuite.csproj", "{9DC06D4A-B125-42D4-A092-E86B5C3CD7D3}"
EndProject
Project("{9A19103F-16F7-4668-BE54-9A1E7A4F7556}") = "EMSuite.DataAccess", "EMSuite.DataAccess\EMSuite.DataAccess.csproj", "{DA9ABF0D-6F67-431F-B903-A2F9D8004DB3}"
EndProject
Project("{9A19103F-16F7-4668-BE54-9A1E7A4F7556}") = "EMSuite.DataAccess.Tests", "EMSuite.DataAccess.Tests\EMSuite.DataAccess.Tests.csproj", "{7BE05062-4F4F-43D5-8215-50F295C039CA}"
EndProject
Project("{9A19103F-16F7-4668-BE54-9A1E7A4F7556}") = "EMSuite.Hardware.Api", "EMSuite.Hardware.Api\EMSuite.Hardware.Api.csproj", "{F2A9D9EC-96C5-4F46-AFB7-DB44E7CA741D}"
EndProject
Project("{9A19103F-16F7-4668-BE54-9A1E7A4F7556}") = "EMSuite.HardwareClient", "EMSuite.HardwareClient\EMSuite.HardwareClient.csproj", "{8F4550C0-8196-465D-B105-96D6384677F8}"
EndProject
Project("{9A19103F-16F7-4668-BE54-9A1E7A4F7556}") = "EMSuite.Common", "EMSuite.Common.TransferData\EMSuite.Common.csproj", "{4AE47110-9046-42BF-B56F-39BF435F6D6B}"
EndProject
Project("{9A19103F-16F7-4668-BE54-9A1E7A4F7556}") = "EMSuite.CommonTests", "EMSuite.CommonTests\EMSuite.CommonTests.csproj", "{89910ED9-C6E4-4AAD-BEB9-9C893D4FC646}"
EndProject
Project("{9A19103F-16F7-4668-BE54-9A1E7A4F7556}") = "EMSuite.Hardware.ApiTests", "EMSuite.Hardware.ApiTests\EMSuite.Hardware.ApiTests.csproj", "{A899A28B-D3E6-4E10-8322-BD506AE597BF}"
EndProject
Project("{9A19103F-16F7-4668-BE54-9A1E7A4F7556}") = "EMSuite.Identity", "EMSuite.Identity\EMSuite.Identity.csproj", "{C719222B-093F-4B74-9756-B60C7EDF90F6}"
EndProject
Project("{9A19103F-16F7-4668-BE54-9A1E7A4F7556}") = "EMSuite.Notification", "EMSuite.Notification\EMSuite.Notification.csproj", "{B2BFD48D-4A00-4F83-B455-0AE39ECCD67F}"
EndProject
Project("{9A19103F-16F7-4668-BE54-9A1E7A4F7556}") = "EMSuite.HardwareSMS.Service", "EMSuite.Automation.Service\EMSuite.HardwareSMS.Service.csproj", "{F12B204D-A585-482C-8A2B-289265B81B87}"
EndProject
Project("{9A19103F-16F7-4668-BE54-9A1E7A4F7556}") = "EMSuite.Web.Api", "EMSuite.Web.Api\EMSuite.Web.Api.csproj", "{35E8CDBF-48A3-4965-A280-B786257F97C3}"
EndProject
Project("{FAE04EC0-301F-11D3-BF4B-00C04F79EFBC}") = "EMSuite.WebApiClient", "EMSuite.WebApiClient\EMSuite.WebApiClient.csproj", "{DDFC0FE6-34E6-4D58-BDAB-A9EE9A3EF1D2}"
EndProject
Project("{9A19103F-16F7-4668-BE54-9A1E7A4F7556}") = "EMSuite.IO.Azure", "EMSuite.IO.Azure\EMSuite.IO.Azure.csproj", "{500FF3E7-5689-4958-AF92-3034520DCC7A}"
EndProject
Project("{2150E333-8FDC-42A3-9474-1A3956D46DE8}") = "DevExtreme NuGet.config", "DevExtreme NuGet.config", "{21A243D5-7BD3-49EB-8C28-0014F0F18AE1}"
	ProjectSection(SolutionItems) = preProject
		NuGet.config = NuGet.config
	EndProjectSection
EndProject
Project("{9A19103F-16F7-4668-BE54-9A1E7A4F7556}") = "EMSuite.MobileSignalRClient", "EMSuite.MobileSignalRClient\EMSuite.MobileSignalRClient.csproj", "{E0EB2882-30FF-4B74-B6DD-15DAFB302A45}"
EndProject
Project("{9A19103F-16F7-4668-BE54-9A1E7A4F7556}") = "EMSuite.ProjectResources", "EMSuite.ProjectResources\EMSuite.ProjectResources.csproj", "{1ECE9EA9-EA52-4C0D-8125-01BD20001CDA}"
EndProject
Project("{2150E333-8FDC-42A3-9474-1A3956D46DE8}") = "Solution Items", "Solution Items", "{A769CA92-9B68-4E56-B005-B20E836AA52A}"
	ProjectSection(SolutionItems) = preProject
		External Versions.txt = External Versions.txt
	EndProjectSection
EndProject
Project("{9A19103F-16F7-4668-BE54-9A1E7A4F7556}") = "AzureCognitivePrototype", "AzureCognitivePrototype\AzureCognitivePrototype.csproj", "{26541B12-BFDB-4212-BF2C-F29941CFDD93}"
EndProject
Project("{9A19103F-16F7-4668-BE54-9A1E7A4F7556}") = "TextToSpeech.Tests", "TextToSpeech.Tests\TextToSpeech.Tests.csproj", "{2E2CB446-DAE0-4750-AFD6-7BA310F62813}"
EndProject
Project("{9A19103F-16F7-4668-BE54-9A1E7A4F7556}") = "EMSuite.PhoneNotification", "EMSuite.PhoneNotification\EMSuite.PhoneNotification.csproj", "{509D94F9-26E7-49A4-8834-E7763CCEA20B}"
EndProject
Project("{9A19103F-16F7-4668-BE54-9A1E7A4F7556}") = "TwillioProto", "TwillioProto\TwillioProto.csproj", "{3EFEAE21-41D2-4F44-9DD2-FF2955F0FF0D}"
EndProject
Project("{9A19103F-16F7-4668-BE54-9A1E7A4F7556}") = "ActiveDirectoryTests", "ActiveDirectoryTests\ActiveDirectoryTests.csproj", "{2FC33C45-DC97-443B-B06F-9E46BF67114E}"
EndProject
Project("{FAE04EC0-301F-11D3-BF4B-00C04F79EFBC}") = "PhoneNotificationService.Tests", "PhoneNotificationService.Tests\PhoneNotificationService.Tests.csproj", "{5170B683-26C4-4563-988E-4EDFD89FA9D7}"
EndProject
Global
	GlobalSection(SolutionConfigurationPlatforms) = preSolution
		Cloud Release|Any CPU = Cloud Release|Any CPU
		Cloud Release|ARM = Cloud Release|ARM
		Cloud Release|ARM64 = Cloud Release|ARM64
		Cloud Release|x64 = Cloud Release|x64
		Cloud Release|x86 = Cloud Release|x86
		Debug|Any CPU = Debug|Any CPU
		Debug|ARM = Debug|ARM
		Debug|ARM64 = Debug|ARM64
		Debug|x64 = Debug|x64
		Debug|x86 = Debug|x86
		Release|Any CPU = Release|Any CPU
		Release|ARM = Release|ARM
		Release|ARM64 = Release|ARM64
		Release|x64 = Release|x64
		Release|x86 = Release|x86
	EndGlobalSection
	GlobalSection(ProjectConfigurationPlatforms) = postSolution
		{9DC06D4A-B125-42D4-A092-E86B5C3CD7D3}.Cloud Release|Any CPU.ActiveCfg = Cloud Release|Any CPU
		{9DC06D4A-B125-42D4-A092-E86B5C3CD7D3}.Cloud Release|Any CPU.Build.0 = Cloud Release|Any CPU
		{9DC06D4A-B125-42D4-A092-E86B5C3CD7D3}.Cloud Release|ARM.ActiveCfg = Cloud Release|Any CPU
		{9DC06D4A-B125-42D4-A092-E86B5C3CD7D3}.Cloud Release|ARM.Build.0 = Cloud Release|Any CPU
		{9DC06D4A-B125-42D4-A092-E86B5C3CD7D3}.Cloud Release|ARM64.ActiveCfg = Cloud Release|Any CPU
		{9DC06D4A-B125-42D4-A092-E86B5C3CD7D3}.Cloud Release|ARM64.Build.0 = Cloud Release|Any CPU
		{9DC06D4A-B125-42D4-A092-E86B5C3CD7D3}.Cloud Release|x64.ActiveCfg = Cloud Release|Any CPU
		{9DC06D4A-B125-42D4-A092-E86B5C3CD7D3}.Cloud Release|x64.Build.0 = Cloud Release|Any CPU
		{9DC06D4A-B125-42D4-A092-E86B5C3CD7D3}.Cloud Release|x86.ActiveCfg = Cloud Release|Any CPU
		{9DC06D4A-B125-42D4-A092-E86B5C3CD7D3}.Cloud Release|x86.Build.0 = Cloud Release|Any CPU
		{9DC06D4A-B125-42D4-A092-E86B5C3CD7D3}.Debug|Any CPU.ActiveCfg = Debug|Any CPU
		{9DC06D4A-B125-42D4-A092-E86B5C3CD7D3}.Debug|Any CPU.Build.0 = Debug|Any CPU
		{9DC06D4A-B125-42D4-A092-E86B5C3CD7D3}.Debug|ARM.ActiveCfg = Debug|Any CPU
		{9DC06D4A-B125-42D4-A092-E86B5C3CD7D3}.Debug|ARM.Build.0 = Debug|Any CPU
		{9DC06D4A-B125-42D4-A092-E86B5C3CD7D3}.Debug|ARM64.ActiveCfg = Debug|Any CPU
		{9DC06D4A-B125-42D4-A092-E86B5C3CD7D3}.Debug|ARM64.Build.0 = Debug|Any CPU
		{9DC06D4A-B125-42D4-A092-E86B5C3CD7D3}.Debug|x64.ActiveCfg = Debug|Any CPU
		{9DC06D4A-B125-42D4-A092-E86B5C3CD7D3}.Debug|x64.Build.0 = Debug|Any CPU
		{9DC06D4A-B125-42D4-A092-E86B5C3CD7D3}.Debug|x86.ActiveCfg = Debug|Any CPU
		{9DC06D4A-B125-42D4-A092-E86B5C3CD7D3}.Debug|x86.Build.0 = Debug|Any CPU
		{9DC06D4A-B125-42D4-A092-E86B5C3CD7D3}.Release|Any CPU.ActiveCfg = Release|Any CPU
		{9DC06D4A-B125-42D4-A092-E86B5C3CD7D3}.Release|Any CPU.Build.0 = Release|Any CPU
		{9DC06D4A-B125-42D4-A092-E86B5C3CD7D3}.Release|ARM.ActiveCfg = Release|Any CPU
		{9DC06D4A-B125-42D4-A092-E86B5C3CD7D3}.Release|ARM.Build.0 = Release|Any CPU
		{9DC06D4A-B125-42D4-A092-E86B5C3CD7D3}.Release|ARM64.ActiveCfg = Release|Any CPU
		{9DC06D4A-B125-42D4-A092-E86B5C3CD7D3}.Release|ARM64.Build.0 = Release|Any CPU
		{9DC06D4A-B125-42D4-A092-E86B5C3CD7D3}.Release|x64.ActiveCfg = Release|Any CPU
		{9DC06D4A-B125-42D4-A092-E86B5C3CD7D3}.Release|x64.Build.0 = Release|Any CPU
		{9DC06D4A-B125-42D4-A092-E86B5C3CD7D3}.Release|x86.ActiveCfg = Release|Any CPU
		{9DC06D4A-B125-42D4-A092-E86B5C3CD7D3}.Release|x86.Build.0 = Release|Any CPU
		{DA9ABF0D-6F67-431F-B903-A2F9D8004DB3}.Cloud Release|Any CPU.ActiveCfg = Release|Any CPU
		{DA9ABF0D-6F67-431F-B903-A2F9D8004DB3}.Cloud Release|Any CPU.Build.0 = Release|Any CPU
		{DA9ABF0D-6F67-431F-B903-A2F9D8004DB3}.Cloud Release|ARM.ActiveCfg = Cloud Release|Any CPU
		{DA9ABF0D-6F67-431F-B903-A2F9D8004DB3}.Cloud Release|ARM.Build.0 = Cloud Release|Any CPU
		{DA9ABF0D-6F67-431F-B903-A2F9D8004DB3}.Cloud Release|ARM64.ActiveCfg = Cloud Release|Any CPU
		{DA9ABF0D-6F67-431F-B903-A2F9D8004DB3}.Cloud Release|ARM64.Build.0 = Cloud Release|Any CPU
		{DA9ABF0D-6F67-431F-B903-A2F9D8004DB3}.Cloud Release|x64.ActiveCfg = Cloud Release|Any CPU
		{DA9ABF0D-6F67-431F-B903-A2F9D8004DB3}.Cloud Release|x64.Build.0 = Cloud Release|Any CPU
		{DA9ABF0D-6F67-431F-B903-A2F9D8004DB3}.Cloud Release|x86.ActiveCfg = Cloud Release|Any CPU
		{DA9ABF0D-6F67-431F-B903-A2F9D8004DB3}.Cloud Release|x86.Build.0 = Cloud Release|Any CPU
		{DA9ABF0D-6F67-431F-B903-A2F9D8004DB3}.Debug|Any CPU.ActiveCfg = Debug|Any CPU
		{DA9ABF0D-6F67-431F-B903-A2F9D8004DB3}.Debug|Any CPU.Build.0 = Debug|Any CPU
		{DA9ABF0D-6F67-431F-B903-A2F9D8004DB3}.Debug|ARM.ActiveCfg = Debug|Any CPU
		{DA9ABF0D-6F67-431F-B903-A2F9D8004DB3}.Debug|ARM.Build.0 = Debug|Any CPU
		{DA9ABF0D-6F67-431F-B903-A2F9D8004DB3}.Debug|ARM64.ActiveCfg = Debug|Any CPU
		{DA9ABF0D-6F67-431F-B903-A2F9D8004DB3}.Debug|ARM64.Build.0 = Debug|Any CPU
		{DA9ABF0D-6F67-431F-B903-A2F9D8004DB3}.Debug|x64.ActiveCfg = Debug|Any CPU
		{DA9ABF0D-6F67-431F-B903-A2F9D8004DB3}.Debug|x64.Build.0 = Debug|Any CPU
		{DA9ABF0D-6F67-431F-B903-A2F9D8004DB3}.Debug|x86.ActiveCfg = Debug|Any CPU
		{DA9ABF0D-6F67-431F-B903-A2F9D8004DB3}.Debug|x86.Build.0 = Debug|Any CPU
		{DA9ABF0D-6F67-431F-B903-A2F9D8004DB3}.Release|Any CPU.ActiveCfg = Release|Any CPU
		{DA9ABF0D-6F67-431F-B903-A2F9D8004DB3}.Release|Any CPU.Build.0 = Release|Any CPU
		{DA9ABF0D-6F67-431F-B903-A2F9D8004DB3}.Release|ARM.ActiveCfg = Release|Any CPU
		{DA9ABF0D-6F67-431F-B903-A2F9D8004DB3}.Release|ARM.Build.0 = Release|Any CPU
		{DA9ABF0D-6F67-431F-B903-A2F9D8004DB3}.Release|ARM64.ActiveCfg = Release|Any CPU
		{DA9ABF0D-6F67-431F-B903-A2F9D8004DB3}.Release|ARM64.Build.0 = Release|Any CPU
		{DA9ABF0D-6F67-431F-B903-A2F9D8004DB3}.Release|x64.ActiveCfg = Release|Any CPU
		{DA9ABF0D-6F67-431F-B903-A2F9D8004DB3}.Release|x64.Build.0 = Release|Any CPU
		{DA9ABF0D-6F67-431F-B903-A2F9D8004DB3}.Release|x86.ActiveCfg = Release|Any CPU
		{DA9ABF0D-6F67-431F-B903-A2F9D8004DB3}.Release|x86.Build.0 = Release|Any CPU
		{7BE05062-4F4F-43D5-8215-50F295C039CA}.Cloud Release|Any CPU.ActiveCfg = Debug|Any CPU
		{7BE05062-4F4F-43D5-8215-50F295C039CA}.Cloud Release|ARM.ActiveCfg = Cloud Release|Any CPU
		{7BE05062-4F4F-43D5-8215-50F295C039CA}.Cloud Release|ARM.Build.0 = Cloud Release|Any CPU
		{7BE05062-4F4F-43D5-8215-50F295C039CA}.Cloud Release|ARM64.ActiveCfg = Cloud Release|Any CPU
		{7BE05062-4F4F-43D5-8215-50F295C039CA}.Cloud Release|ARM64.Build.0 = Cloud Release|Any CPU
		{7BE05062-4F4F-43D5-8215-50F295C039CA}.Cloud Release|x64.ActiveCfg = Cloud Release|Any CPU
		{7BE05062-4F4F-43D5-8215-50F295C039CA}.Cloud Release|x64.Build.0 = Cloud Release|Any CPU
		{7BE05062-4F4F-43D5-8215-50F295C039CA}.Cloud Release|x86.ActiveCfg = Cloud Release|Any CPU
		{7BE05062-4F4F-43D5-8215-50F295C039CA}.Cloud Release|x86.Build.0 = Cloud Release|Any CPU
		{7BE05062-4F4F-43D5-8215-50F295C039CA}.Debug|Any CPU.ActiveCfg = Debug|Any CPU
		{7BE05062-4F4F-43D5-8215-50F295C039CA}.Debug|Any CPU.Build.0 = Debug|Any CPU
		{7BE05062-4F4F-43D5-8215-50F295C039CA}.Debug|ARM.ActiveCfg = Debug|Any CPU
		{7BE05062-4F4F-43D5-8215-50F295C039CA}.Debug|ARM.Build.0 = Debug|Any CPU
		{7BE05062-4F4F-43D5-8215-50F295C039CA}.Debug|ARM64.ActiveCfg = Debug|Any CPU
		{7BE05062-4F4F-43D5-8215-50F295C039CA}.Debug|ARM64.Build.0 = Debug|Any CPU
		{7BE05062-4F4F-43D5-8215-50F295C039CA}.Debug|x64.ActiveCfg = Debug|Any CPU
		{7BE05062-4F4F-43D5-8215-50F295C039CA}.Debug|x64.Build.0 = Debug|Any CPU
		{7BE05062-4F4F-43D5-8215-50F295C039CA}.Debug|x86.ActiveCfg = Debug|Any CPU
		{7BE05062-4F4F-43D5-8215-50F295C039CA}.Debug|x86.Build.0 = Debug|Any CPU
		{7BE05062-4F4F-43D5-8215-50F295C039CA}.Release|Any CPU.ActiveCfg = Debug|Any CPU
		{7BE05062-4F4F-43D5-8215-50F295C039CA}.Release|ARM.ActiveCfg = Release|Any CPU
		{7BE05062-4F4F-43D5-8215-50F295C039CA}.Release|ARM.Build.0 = Release|Any CPU
		{7BE05062-4F4F-43D5-8215-50F295C039CA}.Release|ARM64.ActiveCfg = Release|Any CPU
		{7BE05062-4F4F-43D5-8215-50F295C039CA}.Release|ARM64.Build.0 = Release|Any CPU
		{7BE05062-4F4F-43D5-8215-50F295C039CA}.Release|x64.ActiveCfg = Release|Any CPU
		{7BE05062-4F4F-43D5-8215-50F295C039CA}.Release|x64.Build.0 = Release|Any CPU
		{7BE05062-4F4F-43D5-8215-50F295C039CA}.Release|x86.ActiveCfg = Release|Any CPU
		{7BE05062-4F4F-43D5-8215-50F295C039CA}.Release|x86.Build.0 = Release|Any CPU
		{F2A9D9EC-96C5-4F46-AFB7-DB44E7CA741D}.Cloud Release|Any CPU.ActiveCfg = Release|Any CPU
		{F2A9D9EC-96C5-4F46-AFB7-DB44E7CA741D}.Cloud Release|Any CPU.Build.0 = Release|Any CPU
		{F2A9D9EC-96C5-4F46-AFB7-DB44E7CA741D}.Cloud Release|ARM.ActiveCfg = Cloud Release|Any CPU
		{F2A9D9EC-96C5-4F46-AFB7-DB44E7CA741D}.Cloud Release|ARM.Build.0 = Cloud Release|Any CPU
		{F2A9D9EC-96C5-4F46-AFB7-DB44E7CA741D}.Cloud Release|ARM64.ActiveCfg = Cloud Release|Any CPU
		{F2A9D9EC-96C5-4F46-AFB7-DB44E7CA741D}.Cloud Release|ARM64.Build.0 = Cloud Release|Any CPU
		{F2A9D9EC-96C5-4F46-AFB7-DB44E7CA741D}.Cloud Release|x64.ActiveCfg = Cloud Release|Any CPU
		{F2A9D9EC-96C5-4F46-AFB7-DB44E7CA741D}.Cloud Release|x64.Build.0 = Cloud Release|Any CPU
		{F2A9D9EC-96C5-4F46-AFB7-DB44E7CA741D}.Cloud Release|x86.ActiveCfg = Cloud Release|Any CPU
		{F2A9D9EC-96C5-4F46-AFB7-DB44E7CA741D}.Cloud Release|x86.Build.0 = Cloud Release|Any CPU
		{F2A9D9EC-96C5-4F46-AFB7-DB44E7CA741D}.Debug|Any CPU.ActiveCfg = Debug|Any CPU
		{F2A9D9EC-96C5-4F46-AFB7-DB44E7CA741D}.Debug|Any CPU.Build.0 = Debug|Any CPU
		{F2A9D9EC-96C5-4F46-AFB7-DB44E7CA741D}.Debug|ARM.ActiveCfg = Debug|Any CPU
		{F2A9D9EC-96C5-4F46-AFB7-DB44E7CA741D}.Debug|ARM.Build.0 = Debug|Any CPU
		{F2A9D9EC-96C5-4F46-AFB7-DB44E7CA741D}.Debug|ARM64.ActiveCfg = Debug|Any CPU
		{F2A9D9EC-96C5-4F46-AFB7-DB44E7CA741D}.Debug|ARM64.Build.0 = Debug|Any CPU
		{F2A9D9EC-96C5-4F46-AFB7-DB44E7CA741D}.Debug|x64.ActiveCfg = Debug|Any CPU
		{F2A9D9EC-96C5-4F46-AFB7-DB44E7CA741D}.Debug|x64.Build.0 = Debug|Any CPU
		{F2A9D9EC-96C5-4F46-AFB7-DB44E7CA741D}.Debug|x86.ActiveCfg = Debug|Any CPU
		{F2A9D9EC-96C5-4F46-AFB7-DB44E7CA741D}.Debug|x86.Build.0 = Debug|Any CPU
		{F2A9D9EC-96C5-4F46-AFB7-DB44E7CA741D}.Release|Any CPU.ActiveCfg = Release|Any CPU
		{F2A9D9EC-96C5-4F46-AFB7-DB44E7CA741D}.Release|Any CPU.Build.0 = Release|Any CPU
		{F2A9D9EC-96C5-4F46-AFB7-DB44E7CA741D}.Release|ARM.ActiveCfg = Release|Any CPU
		{F2A9D9EC-96C5-4F46-AFB7-DB44E7CA741D}.Release|ARM.Build.0 = Release|Any CPU
		{F2A9D9EC-96C5-4F46-AFB7-DB44E7CA741D}.Release|ARM64.ActiveCfg = Release|Any CPU
		{F2A9D9EC-96C5-4F46-AFB7-DB44E7CA741D}.Release|ARM64.Build.0 = Release|Any CPU
		{F2A9D9EC-96C5-4F46-AFB7-DB44E7CA741D}.Release|x64.ActiveCfg = Release|Any CPU
		{F2A9D9EC-96C5-4F46-AFB7-DB44E7CA741D}.Release|x64.Build.0 = Release|Any CPU
		{F2A9D9EC-96C5-4F46-AFB7-DB44E7CA741D}.Release|x86.ActiveCfg = Release|Any CPU
		{F2A9D9EC-96C5-4F46-AFB7-DB44E7CA741D}.Release|x86.Build.0 = Release|Any CPU
		{8F4550C0-8196-465D-B105-96D6384677F8}.Cloud Release|Any CPU.ActiveCfg = Release|Any CPU
		{8F4550C0-8196-465D-B105-96D6384677F8}.Cloud Release|Any CPU.Build.0 = Release|Any CPU
		{8F4550C0-8196-465D-B105-96D6384677F8}.Cloud Release|ARM.ActiveCfg = Cloud Release|Any CPU
		{8F4550C0-8196-465D-B105-96D6384677F8}.Cloud Release|ARM.Build.0 = Cloud Release|Any CPU
		{8F4550C0-8196-465D-B105-96D6384677F8}.Cloud Release|ARM64.ActiveCfg = Cloud Release|Any CPU
		{8F4550C0-8196-465D-B105-96D6384677F8}.Cloud Release|ARM64.Build.0 = Cloud Release|Any CPU
		{8F4550C0-8196-465D-B105-96D6384677F8}.Cloud Release|x64.ActiveCfg = Cloud Release|Any CPU
		{8F4550C0-8196-465D-B105-96D6384677F8}.Cloud Release|x64.Build.0 = Cloud Release|Any CPU
		{8F4550C0-8196-465D-B105-96D6384677F8}.Cloud Release|x86.ActiveCfg = Cloud Release|Any CPU
		{8F4550C0-8196-465D-B105-96D6384677F8}.Cloud Release|x86.Build.0 = Cloud Release|Any CPU
		{8F4550C0-8196-465D-B105-96D6384677F8}.Debug|Any CPU.ActiveCfg = Debug|Any CPU
		{8F4550C0-8196-465D-B105-96D6384677F8}.Debug|Any CPU.Build.0 = Debug|Any CPU
		{8F4550C0-8196-465D-B105-96D6384677F8}.Debug|ARM.ActiveCfg = Debug|Any CPU
		{8F4550C0-8196-465D-B105-96D6384677F8}.Debug|ARM.Build.0 = Debug|Any CPU
		{8F4550C0-8196-465D-B105-96D6384677F8}.Debug|ARM64.ActiveCfg = Debug|Any CPU
		{8F4550C0-8196-465D-B105-96D6384677F8}.Debug|ARM64.Build.0 = Debug|Any CPU
		{8F4550C0-8196-465D-B105-96D6384677F8}.Debug|x64.ActiveCfg = Debug|Any CPU
		{8F4550C0-8196-465D-B105-96D6384677F8}.Debug|x64.Build.0 = Debug|Any CPU
		{8F4550C0-8196-465D-B105-96D6384677F8}.Debug|x86.ActiveCfg = Debug|Any CPU
		{8F4550C0-8196-465D-B105-96D6384677F8}.Debug|x86.Build.0 = Debug|Any CPU
		{8F4550C0-8196-465D-B105-96D6384677F8}.Release|Any CPU.ActiveCfg = Release|Any CPU
		{8F4550C0-8196-465D-B105-96D6384677F8}.Release|Any CPU.Build.0 = Release|Any CPU
		{8F4550C0-8196-465D-B105-96D6384677F8}.Release|ARM.ActiveCfg = Release|Any CPU
		{8F4550C0-8196-465D-B105-96D6384677F8}.Release|ARM.Build.0 = Release|Any CPU
		{8F4550C0-8196-465D-B105-96D6384677F8}.Release|ARM64.ActiveCfg = Release|Any CPU
		{8F4550C0-8196-465D-B105-96D6384677F8}.Release|ARM64.Build.0 = Release|Any CPU
		{8F4550C0-8196-465D-B105-96D6384677F8}.Release|x64.ActiveCfg = Release|Any CPU
		{8F4550C0-8196-465D-B105-96D6384677F8}.Release|x64.Build.0 = Release|Any CPU
		{8F4550C0-8196-465D-B105-96D6384677F8}.Release|x86.ActiveCfg = Release|Any CPU
		{8F4550C0-8196-465D-B105-96D6384677F8}.Release|x86.Build.0 = Release|Any CPU
		{4AE47110-9046-42BF-B56F-39BF435F6D6B}.Cloud Release|Any CPU.ActiveCfg = Release|Any CPU
		{4AE47110-9046-42BF-B56F-39BF435F6D6B}.Cloud Release|Any CPU.Build.0 = Release|Any CPU
		{4AE47110-9046-42BF-B56F-39BF435F6D6B}.Cloud Release|ARM.ActiveCfg = Cloud Release|Any CPU
		{4AE47110-9046-42BF-B56F-39BF435F6D6B}.Cloud Release|ARM.Build.0 = Cloud Release|Any CPU
		{4AE47110-9046-42BF-B56F-39BF435F6D6B}.Cloud Release|ARM64.ActiveCfg = Cloud Release|Any CPU
		{4AE47110-9046-42BF-B56F-39BF435F6D6B}.Cloud Release|ARM64.Build.0 = Cloud Release|Any CPU
		{4AE47110-9046-42BF-B56F-39BF435F6D6B}.Cloud Release|x64.ActiveCfg = Cloud Release|Any CPU
		{4AE47110-9046-42BF-B56F-39BF435F6D6B}.Cloud Release|x64.Build.0 = Cloud Release|Any CPU
		{4AE47110-9046-42BF-B56F-39BF435F6D6B}.Cloud Release|x86.ActiveCfg = Cloud Release|Any CPU
		{4AE47110-9046-42BF-B56F-39BF435F6D6B}.Cloud Release|x86.Build.0 = Cloud Release|Any CPU
		{4AE47110-9046-42BF-B56F-39BF435F6D6B}.Debug|Any CPU.ActiveCfg = Debug|Any CPU
		{4AE47110-9046-42BF-B56F-39BF435F6D6B}.Debug|Any CPU.Build.0 = Debug|Any CPU
		{4AE47110-9046-42BF-B56F-39BF435F6D6B}.Debug|ARM.ActiveCfg = Debug|Any CPU
		{4AE47110-9046-42BF-B56F-39BF435F6D6B}.Debug|ARM.Build.0 = Debug|Any CPU
		{4AE47110-9046-42BF-B56F-39BF435F6D6B}.Debug|ARM64.ActiveCfg = Debug|Any CPU
		{4AE47110-9046-42BF-B56F-39BF435F6D6B}.Debug|ARM64.Build.0 = Debug|Any CPU
		{4AE47110-9046-42BF-B56F-39BF435F6D6B}.Debug|x64.ActiveCfg = Debug|Any CPU
		{4AE47110-9046-42BF-B56F-39BF435F6D6B}.Debug|x64.Build.0 = Debug|Any CPU
		{4AE47110-9046-42BF-B56F-39BF435F6D6B}.Debug|x86.ActiveCfg = Debug|Any CPU
		{4AE47110-9046-42BF-B56F-39BF435F6D6B}.Debug|x86.Build.0 = Debug|Any CPU
		{4AE47110-9046-42BF-B56F-39BF435F6D6B}.Release|Any CPU.ActiveCfg = Release|Any CPU
		{4AE47110-9046-42BF-B56F-39BF435F6D6B}.Release|Any CPU.Build.0 = Release|Any CPU
		{4AE47110-9046-42BF-B56F-39BF435F6D6B}.Release|ARM.ActiveCfg = Release|Any CPU
		{4AE47110-9046-42BF-B56F-39BF435F6D6B}.Release|ARM.Build.0 = Release|Any CPU
		{4AE47110-9046-42BF-B56F-39BF435F6D6B}.Release|ARM64.ActiveCfg = Release|Any CPU
		{4AE47110-9046-42BF-B56F-39BF435F6D6B}.Release|ARM64.Build.0 = Release|Any CPU
		{4AE47110-9046-42BF-B56F-39BF435F6D6B}.Release|x64.ActiveCfg = Release|Any CPU
		{4AE47110-9046-42BF-B56F-39BF435F6D6B}.Release|x64.Build.0 = Release|Any CPU
		{4AE47110-9046-42BF-B56F-39BF435F6D6B}.Release|x86.ActiveCfg = Release|Any CPU
		{4AE47110-9046-42BF-B56F-39BF435F6D6B}.Release|x86.Build.0 = Release|Any CPU
		{89910ED9-C6E4-4AAD-BEB9-9C893D4FC646}.Cloud Release|Any CPU.ActiveCfg = Release|Any CPU
		{89910ED9-C6E4-4AAD-BEB9-9C893D4FC646}.Cloud Release|Any CPU.Build.0 = Release|Any CPU
		{89910ED9-C6E4-4AAD-BEB9-9C893D4FC646}.Cloud Release|ARM.ActiveCfg = Cloud Release|Any CPU
		{89910ED9-C6E4-4AAD-BEB9-9C893D4FC646}.Cloud Release|ARM.Build.0 = Cloud Release|Any CPU
		{89910ED9-C6E4-4AAD-BEB9-9C893D4FC646}.Cloud Release|ARM64.ActiveCfg = Cloud Release|Any CPU
		{89910ED9-C6E4-4AAD-BEB9-9C893D4FC646}.Cloud Release|ARM64.Build.0 = Cloud Release|Any CPU
		{89910ED9-C6E4-4AAD-BEB9-9C893D4FC646}.Cloud Release|x64.ActiveCfg = Cloud Release|Any CPU
		{89910ED9-C6E4-4AAD-BEB9-9C893D4FC646}.Cloud Release|x64.Build.0 = Cloud Release|Any CPU
		{89910ED9-C6E4-4AAD-BEB9-9C893D4FC646}.Cloud Release|x86.ActiveCfg = Cloud Release|Any CPU
		{89910ED9-C6E4-4AAD-BEB9-9C893D4FC646}.Cloud Release|x86.Build.0 = Cloud Release|Any CPU
		{89910ED9-C6E4-4AAD-BEB9-9C893D4FC646}.Debug|Any CPU.ActiveCfg = Debug|Any CPU
		{89910ED9-C6E4-4AAD-BEB9-9C893D4FC646}.Debug|Any CPU.Build.0 = Debug|Any CPU
		{89910ED9-C6E4-4AAD-BEB9-9C893D4FC646}.Debug|ARM.ActiveCfg = Debug|Any CPU
		{89910ED9-C6E4-4AAD-BEB9-9C893D4FC646}.Debug|ARM.Build.0 = Debug|Any CPU
		{89910ED9-C6E4-4AAD-BEB9-9C893D4FC646}.Debug|ARM64.ActiveCfg = Debug|Any CPU
		{89910ED9-C6E4-4AAD-BEB9-9C893D4FC646}.Debug|ARM64.Build.0 = Debug|Any CPU
		{89910ED9-C6E4-4AAD-BEB9-9C893D4FC646}.Debug|x64.ActiveCfg = Debug|Any CPU
		{89910ED9-C6E4-4AAD-BEB9-9C893D4FC646}.Debug|x64.Build.0 = Debug|Any CPU
		{89910ED9-C6E4-4AAD-BEB9-9C893D4FC646}.Debug|x86.ActiveCfg = Debug|Any CPU
		{89910ED9-C6E4-4AAD-BEB9-9C893D4FC646}.Debug|x86.Build.0 = Debug|Any CPU
		{89910ED9-C6E4-4AAD-BEB9-9C893D4FC646}.Release|Any CPU.ActiveCfg = Debug|Any CPU
		{89910ED9-C6E4-4AAD-BEB9-9C893D4FC646}.Release|ARM.ActiveCfg = Release|Any CPU
		{89910ED9-C6E4-4AAD-BEB9-9C893D4FC646}.Release|ARM.Build.0 = Release|Any CPU
		{89910ED9-C6E4-4AAD-BEB9-9C893D4FC646}.Release|ARM64.ActiveCfg = Release|Any CPU
		{89910ED9-C6E4-4AAD-BEB9-9C893D4FC646}.Release|ARM64.Build.0 = Release|Any CPU
		{89910ED9-C6E4-4AAD-BEB9-9C893D4FC646}.Release|x64.ActiveCfg = Release|Any CPU
		{89910ED9-C6E4-4AAD-BEB9-9C893D4FC646}.Release|x64.Build.0 = Release|Any CPU
		{89910ED9-C6E4-4AAD-BEB9-9C893D4FC646}.Release|x86.ActiveCfg = Release|Any CPU
		{89910ED9-C6E4-4AAD-BEB9-9C893D4FC646}.Release|x86.Build.0 = Release|Any CPU
		{A899A28B-D3E6-4E10-8322-BD506AE597BF}.Cloud Release|Any CPU.ActiveCfg = Debug|Any CPU
		{A899A28B-D3E6-4E10-8322-BD506AE597BF}.Cloud Release|ARM.ActiveCfg = Cloud Release|Any CPU
		{A899A28B-D3E6-4E10-8322-BD506AE597BF}.Cloud Release|ARM.Build.0 = Cloud Release|Any CPU
		{A899A28B-D3E6-4E10-8322-BD506AE597BF}.Cloud Release|ARM64.ActiveCfg = Cloud Release|Any CPU
		{A899A28B-D3E6-4E10-8322-BD506AE597BF}.Cloud Release|ARM64.Build.0 = Cloud Release|Any CPU
		{A899A28B-D3E6-4E10-8322-BD506AE597BF}.Cloud Release|x64.ActiveCfg = Cloud Release|Any CPU
		{A899A28B-D3E6-4E10-8322-BD506AE597BF}.Cloud Release|x64.Build.0 = Cloud Release|Any CPU
		{A899A28B-D3E6-4E10-8322-BD506AE597BF}.Cloud Release|x86.ActiveCfg = Cloud Release|Any CPU
		{A899A28B-D3E6-4E10-8322-BD506AE597BF}.Cloud Release|x86.Build.0 = Cloud Release|Any CPU
		{A899A28B-D3E6-4E10-8322-BD506AE597BF}.Debug|Any CPU.ActiveCfg = Debug|Any CPU
		{A899A28B-D3E6-4E10-8322-BD506AE597BF}.Debug|Any CPU.Build.0 = Debug|Any CPU
		{A899A28B-D3E6-4E10-8322-BD506AE597BF}.Debug|ARM.ActiveCfg = Debug|Any CPU
		{A899A28B-D3E6-4E10-8322-BD506AE597BF}.Debug|ARM.Build.0 = Debug|Any CPU
		{A899A28B-D3E6-4E10-8322-BD506AE597BF}.Debug|ARM64.ActiveCfg = Debug|Any CPU
		{A899A28B-D3E6-4E10-8322-BD506AE597BF}.Debug|ARM64.Build.0 = Debug|Any CPU
		{A899A28B-D3E6-4E10-8322-BD506AE597BF}.Debug|x64.ActiveCfg = Debug|Any CPU
		{A899A28B-D3E6-4E10-8322-BD506AE597BF}.Debug|x64.Build.0 = Debug|Any CPU
		{A899A28B-D3E6-4E10-8322-BD506AE597BF}.Debug|x86.ActiveCfg = Debug|Any CPU
		{A899A28B-D3E6-4E10-8322-BD506AE597BF}.Debug|x86.Build.0 = Debug|Any CPU
		{A899A28B-D3E6-4E10-8322-BD506AE597BF}.Release|Any CPU.ActiveCfg = Debug|Any CPU
		{A899A28B-D3E6-4E10-8322-BD506AE597BF}.Release|ARM.ActiveCfg = Release|Any CPU
		{A899A28B-D3E6-4E10-8322-BD506AE597BF}.Release|ARM.Build.0 = Release|Any CPU
		{A899A28B-D3E6-4E10-8322-BD506AE597BF}.Release|ARM64.ActiveCfg = Release|Any CPU
		{A899A28B-D3E6-4E10-8322-BD506AE597BF}.Release|ARM64.Build.0 = Release|Any CPU
		{A899A28B-D3E6-4E10-8322-BD506AE597BF}.Release|x64.ActiveCfg = Release|Any CPU
		{A899A28B-D3E6-4E10-8322-BD506AE597BF}.Release|x64.Build.0 = Release|Any CPU
		{A899A28B-D3E6-4E10-8322-BD506AE597BF}.Release|x86.ActiveCfg = Release|Any CPU
		{A899A28B-D3E6-4E10-8322-BD506AE597BF}.Release|x86.Build.0 = Release|Any CPU
		{C719222B-093F-4B74-9756-B60C7EDF90F6}.Cloud Release|Any CPU.ActiveCfg = Release|Any CPU
		{C719222B-093F-4B74-9756-B60C7EDF90F6}.Cloud Release|Any CPU.Build.0 = Release|Any CPU
		{C719222B-093F-4B74-9756-B60C7EDF90F6}.Cloud Release|ARM.ActiveCfg = Cloud Release|Any CPU
		{C719222B-093F-4B74-9756-B60C7EDF90F6}.Cloud Release|ARM.Build.0 = Cloud Release|Any CPU
		{C719222B-093F-4B74-9756-B60C7EDF90F6}.Cloud Release|ARM64.ActiveCfg = Cloud Release|Any CPU
		{C719222B-093F-4B74-9756-B60C7EDF90F6}.Cloud Release|ARM64.Build.0 = Cloud Release|Any CPU
		{C719222B-093F-4B74-9756-B60C7EDF90F6}.Cloud Release|x64.ActiveCfg = Cloud Release|Any CPU
		{C719222B-093F-4B74-9756-B60C7EDF90F6}.Cloud Release|x64.Build.0 = Cloud Release|Any CPU
		{C719222B-093F-4B74-9756-B60C7EDF90F6}.Cloud Release|x86.ActiveCfg = Cloud Release|Any CPU
		{C719222B-093F-4B74-9756-B60C7EDF90F6}.Cloud Release|x86.Build.0 = Cloud Release|Any CPU
		{C719222B-093F-4B74-9756-B60C7EDF90F6}.Debug|Any CPU.ActiveCfg = Debug|Any CPU
		{C719222B-093F-4B74-9756-B60C7EDF90F6}.Debug|Any CPU.Build.0 = Debug|Any CPU
		{C719222B-093F-4B74-9756-B60C7EDF90F6}.Debug|ARM.ActiveCfg = Debug|Any CPU
		{C719222B-093F-4B74-9756-B60C7EDF90F6}.Debug|ARM.Build.0 = Debug|Any CPU
		{C719222B-093F-4B74-9756-B60C7EDF90F6}.Debug|ARM64.ActiveCfg = Debug|Any CPU
		{C719222B-093F-4B74-9756-B60C7EDF90F6}.Debug|ARM64.Build.0 = Debug|Any CPU
		{C719222B-093F-4B74-9756-B60C7EDF90F6}.Debug|x64.ActiveCfg = Debug|Any CPU
		{C719222B-093F-4B74-9756-B60C7EDF90F6}.Debug|x64.Build.0 = Debug|Any CPU
		{C719222B-093F-4B74-9756-B60C7EDF90F6}.Debug|x86.ActiveCfg = Debug|Any CPU
		{C719222B-093F-4B74-9756-B60C7EDF90F6}.Debug|x86.Build.0 = Debug|Any CPU
		{C719222B-093F-4B74-9756-B60C7EDF90F6}.Release|Any CPU.ActiveCfg = Release|Any CPU
		{C719222B-093F-4B74-9756-B60C7EDF90F6}.Release|Any CPU.Build.0 = Release|Any CPU
		{C719222B-093F-4B74-9756-B60C7EDF90F6}.Release|ARM.ActiveCfg = Release|Any CPU
		{C719222B-093F-4B74-9756-B60C7EDF90F6}.Release|ARM.Build.0 = Release|Any CPU
		{C719222B-093F-4B74-9756-B60C7EDF90F6}.Release|ARM64.ActiveCfg = Release|Any CPU
		{C719222B-093F-4B74-9756-B60C7EDF90F6}.Release|ARM64.Build.0 = Release|Any CPU
		{C719222B-093F-4B74-9756-B60C7EDF90F6}.Release|x64.ActiveCfg = Release|Any CPU
		{C719222B-093F-4B74-9756-B60C7EDF90F6}.Release|x64.Build.0 = Release|Any CPU
		{C719222B-093F-4B74-9756-B60C7EDF90F6}.Release|x86.ActiveCfg = Release|Any CPU
		{C719222B-093F-4B74-9756-B60C7EDF90F6}.Release|x86.Build.0 = Release|Any CPU
		{B2BFD48D-4A00-4F83-B455-0AE39ECCD67F}.Cloud Release|Any CPU.ActiveCfg = Release|Any CPU
		{B2BFD48D-4A00-4F83-B455-0AE39ECCD67F}.Cloud Release|Any CPU.Build.0 = Release|Any CPU
		{B2BFD48D-4A00-4F83-B455-0AE39ECCD67F}.Cloud Release|ARM.ActiveCfg = Cloud Release|Any CPU
		{B2BFD48D-4A00-4F83-B455-0AE39ECCD67F}.Cloud Release|ARM.Build.0 = Cloud Release|Any CPU
		{B2BFD48D-4A00-4F83-B455-0AE39ECCD67F}.Cloud Release|ARM64.ActiveCfg = Cloud Release|Any CPU
		{B2BFD48D-4A00-4F83-B455-0AE39ECCD67F}.Cloud Release|ARM64.Build.0 = Cloud Release|Any CPU
		{B2BFD48D-4A00-4F83-B455-0AE39ECCD67F}.Cloud Release|x64.ActiveCfg = Cloud Release|Any CPU
		{B2BFD48D-4A00-4F83-B455-0AE39ECCD67F}.Cloud Release|x64.Build.0 = Cloud Release|Any CPU
		{B2BFD48D-4A00-4F83-B455-0AE39ECCD67F}.Cloud Release|x86.ActiveCfg = Cloud Release|Any CPU
		{B2BFD48D-4A00-4F83-B455-0AE39ECCD67F}.Cloud Release|x86.Build.0 = Cloud Release|Any CPU
		{B2BFD48D-4A00-4F83-B455-0AE39ECCD67F}.Debug|Any CPU.ActiveCfg = Debug|Any CPU
		{B2BFD48D-4A00-4F83-B455-0AE39ECCD67F}.Debug|Any CPU.Build.0 = Debug|Any CPU
		{B2BFD48D-4A00-4F83-B455-0AE39ECCD67F}.Debug|ARM.ActiveCfg = Debug|Any CPU
		{B2BFD48D-4A00-4F83-B455-0AE39ECCD67F}.Debug|ARM.Build.0 = Debug|Any CPU
		{B2BFD48D-4A00-4F83-B455-0AE39ECCD67F}.Debug|ARM64.ActiveCfg = Debug|Any CPU
		{B2BFD48D-4A00-4F83-B455-0AE39ECCD67F}.Debug|ARM64.Build.0 = Debug|Any CPU
		{B2BFD48D-4A00-4F83-B455-0AE39ECCD67F}.Debug|x64.ActiveCfg = Debug|Any CPU
		{B2BFD48D-4A00-4F83-B455-0AE39ECCD67F}.Debug|x64.Build.0 = Debug|Any CPU
		{B2BFD48D-4A00-4F83-B455-0AE39ECCD67F}.Debug|x86.ActiveCfg = Debug|Any CPU
		{B2BFD48D-4A00-4F83-B455-0AE39ECCD67F}.Debug|x86.Build.0 = Debug|Any CPU
		{B2BFD48D-4A00-4F83-B455-0AE39ECCD67F}.Release|Any CPU.ActiveCfg = Release|Any CPU
		{B2BFD48D-4A00-4F83-B455-0AE39ECCD67F}.Release|Any CPU.Build.0 = Release|Any CPU
		{B2BFD48D-4A00-4F83-B455-0AE39ECCD67F}.Release|ARM.ActiveCfg = Release|Any CPU
		{B2BFD48D-4A00-4F83-B455-0AE39ECCD67F}.Release|ARM.Build.0 = Release|Any CPU
		{B2BFD48D-4A00-4F83-B455-0AE39ECCD67F}.Release|ARM64.ActiveCfg = Release|Any CPU
		{B2BFD48D-4A00-4F83-B455-0AE39ECCD67F}.Release|ARM64.Build.0 = Release|Any CPU
		{B2BFD48D-4A00-4F83-B455-0AE39ECCD67F}.Release|x64.ActiveCfg = Release|Any CPU
		{B2BFD48D-4A00-4F83-B455-0AE39ECCD67F}.Release|x64.Build.0 = Release|Any CPU
		{B2BFD48D-4A00-4F83-B455-0AE39ECCD67F}.Release|x86.ActiveCfg = Release|Any CPU
		{B2BFD48D-4A00-4F83-B455-0AE39ECCD67F}.Release|x86.Build.0 = Release|Any CPU
		{F12B204D-A585-482C-8A2B-289265B81B87}.Cloud Release|Any CPU.ActiveCfg = Release|Any CPU
		{F12B204D-A585-482C-8A2B-289265B81B87}.Cloud Release|Any CPU.Build.0 = Release|Any CPU
		{F12B204D-A585-482C-8A2B-289265B81B87}.Cloud Release|ARM.ActiveCfg = Cloud Release|Any CPU
		{F12B204D-A585-482C-8A2B-289265B81B87}.Cloud Release|ARM.Build.0 = Cloud Release|Any CPU
		{F12B204D-A585-482C-8A2B-289265B81B87}.Cloud Release|ARM64.ActiveCfg = Cloud Release|Any CPU
		{F12B204D-A585-482C-8A2B-289265B81B87}.Cloud Release|ARM64.Build.0 = Cloud Release|Any CPU
		{F12B204D-A585-482C-8A2B-289265B81B87}.Cloud Release|x64.ActiveCfg = Cloud Release|Any CPU
		{F12B204D-A585-482C-8A2B-289265B81B87}.Cloud Release|x64.Build.0 = Cloud Release|Any CPU
		{F12B204D-A585-482C-8A2B-289265B81B87}.Cloud Release|x86.ActiveCfg = Cloud Release|Any CPU
		{F12B204D-A585-482C-8A2B-289265B81B87}.Cloud Release|x86.Build.0 = Cloud Release|Any CPU
		{F12B204D-A585-482C-8A2B-289265B81B87}.Debug|Any CPU.ActiveCfg = Debug|Any CPU
		{F12B204D-A585-482C-8A2B-289265B81B87}.Debug|Any CPU.Build.0 = Debug|Any CPU
		{F12B204D-A585-482C-8A2B-289265B81B87}.Debug|ARM.ActiveCfg = Debug|Any CPU
		{F12B204D-A585-482C-8A2B-289265B81B87}.Debug|ARM.Build.0 = Debug|Any CPU
		{F12B204D-A585-482C-8A2B-289265B81B87}.Debug|ARM64.ActiveCfg = Debug|Any CPU
		{F12B204D-A585-482C-8A2B-289265B81B87}.Debug|ARM64.Build.0 = Debug|Any CPU
		{F12B204D-A585-482C-8A2B-289265B81B87}.Debug|x64.ActiveCfg = Debug|Any CPU
		{F12B204D-A585-482C-8A2B-289265B81B87}.Debug|x64.Build.0 = Debug|Any CPU
		{F12B204D-A585-482C-8A2B-289265B81B87}.Debug|x86.ActiveCfg = Debug|Any CPU
		{F12B204D-A585-482C-8A2B-289265B81B87}.Debug|x86.Build.0 = Debug|Any CPU
		{F12B204D-A585-482C-8A2B-289265B81B87}.Release|Any CPU.ActiveCfg = Release|Any CPU
		{F12B204D-A585-482C-8A2B-289265B81B87}.Release|Any CPU.Build.0 = Release|Any CPU
		{F12B204D-A585-482C-8A2B-289265B81B87}.Release|ARM.ActiveCfg = Release|Any CPU
		{F12B204D-A585-482C-8A2B-289265B81B87}.Release|ARM.Build.0 = Release|Any CPU
		{F12B204D-A585-482C-8A2B-289265B81B87}.Release|ARM64.ActiveCfg = Release|Any CPU
		{F12B204D-A585-482C-8A2B-289265B81B87}.Release|ARM64.Build.0 = Release|Any CPU
		{F12B204D-A585-482C-8A2B-289265B81B87}.Release|x64.ActiveCfg = Release|Any CPU
		{F12B204D-A585-482C-8A2B-289265B81B87}.Release|x64.Build.0 = Release|Any CPU
		{F12B204D-A585-482C-8A2B-289265B81B87}.Release|x86.ActiveCfg = Release|Any CPU
		{F12B204D-A585-482C-8A2B-289265B81B87}.Release|x86.Build.0 = Release|Any CPU
		{35E8CDBF-48A3-4965-A280-B786257F97C3}.Cloud Release|Any CPU.ActiveCfg = Release|Any CPU
		{35E8CDBF-48A3-4965-A280-B786257F97C3}.Cloud Release|Any CPU.Build.0 = Release|Any CPU
		{35E8CDBF-48A3-4965-A280-B786257F97C3}.Cloud Release|ARM.ActiveCfg = Cloud Release|Any CPU
		{35E8CDBF-48A3-4965-A280-B786257F97C3}.Cloud Release|ARM.Build.0 = Cloud Release|Any CPU
		{35E8CDBF-48A3-4965-A280-B786257F97C3}.Cloud Release|ARM64.ActiveCfg = Cloud Release|Any CPU
		{35E8CDBF-48A3-4965-A280-B786257F97C3}.Cloud Release|ARM64.Build.0 = Cloud Release|Any CPU
		{35E8CDBF-48A3-4965-A280-B786257F97C3}.Cloud Release|x64.ActiveCfg = Cloud Release|Any CPU
		{35E8CDBF-48A3-4965-A280-B786257F97C3}.Cloud Release|x64.Build.0 = Cloud Release|Any CPU
		{35E8CDBF-48A3-4965-A280-B786257F97C3}.Cloud Release|x86.ActiveCfg = Cloud Release|Any CPU
		{35E8CDBF-48A3-4965-A280-B786257F97C3}.Cloud Release|x86.Build.0 = Cloud Release|Any CPU
		{35E8CDBF-48A3-4965-A280-B786257F97C3}.Debug|Any CPU.ActiveCfg = Debug|Any CPU
		{35E8CDBF-48A3-4965-A280-B786257F97C3}.Debug|Any CPU.Build.0 = Debug|Any CPU
		{35E8CDBF-48A3-4965-A280-B786257F97C3}.Debug|ARM.ActiveCfg = Debug|Any CPU
		{35E8CDBF-48A3-4965-A280-B786257F97C3}.Debug|ARM.Build.0 = Debug|Any CPU
		{35E8CDBF-48A3-4965-A280-B786257F97C3}.Debug|ARM64.ActiveCfg = Debug|Any CPU
		{35E8CDBF-48A3-4965-A280-B786257F97C3}.Debug|ARM64.Build.0 = Debug|Any CPU
		{35E8CDBF-48A3-4965-A280-B786257F97C3}.Debug|x64.ActiveCfg = Debug|Any CPU
		{35E8CDBF-48A3-4965-A280-B786257F97C3}.Debug|x64.Build.0 = Debug|Any CPU
		{35E8CDBF-48A3-4965-A280-B786257F97C3}.Debug|x86.ActiveCfg = Debug|Any CPU
		{35E8CDBF-48A3-4965-A280-B786257F97C3}.Debug|x86.Build.0 = Debug|Any CPU
		{35E8CDBF-48A3-4965-A280-B786257F97C3}.Release|Any CPU.ActiveCfg = Release|Any CPU
		{35E8CDBF-48A3-4965-A280-B786257F97C3}.Release|Any CPU.Build.0 = Release|Any CPU
		{35E8CDBF-48A3-4965-A280-B786257F97C3}.Release|ARM.ActiveCfg = Release|Any CPU
		{35E8CDBF-48A3-4965-A280-B786257F97C3}.Release|ARM.Build.0 = Release|Any CPU
		{35E8CDBF-48A3-4965-A280-B786257F97C3}.Release|ARM64.ActiveCfg = Release|Any CPU
		{35E8CDBF-48A3-4965-A280-B786257F97C3}.Release|ARM64.Build.0 = Release|Any CPU
		{35E8CDBF-48A3-4965-A280-B786257F97C3}.Release|x64.ActiveCfg = Release|Any CPU
		{35E8CDBF-48A3-4965-A280-B786257F97C3}.Release|x64.Build.0 = Release|Any CPU
		{35E8CDBF-48A3-4965-A280-B786257F97C3}.Release|x86.ActiveCfg = Release|Any CPU
		{35E8CDBF-48A3-4965-A280-B786257F97C3}.Release|x86.Build.0 = Release|Any CPU
		{DDFC0FE6-34E6-4D58-BDAB-A9EE9A3EF1D2}.Cloud Release|Any CPU.ActiveCfg = Release|Any CPU
		{DDFC0FE6-34E6-4D58-BDAB-A9EE9A3EF1D2}.Cloud Release|ARM.ActiveCfg = Release|Any CPU
		{DDFC0FE6-34E6-4D58-BDAB-A9EE9A3EF1D2}.Cloud Release|ARM64.ActiveCfg = Release|Any CPU
		{DDFC0FE6-34E6-4D58-BDAB-A9EE9A3EF1D2}.Cloud Release|x64.ActiveCfg = Release|Any CPU
		{DDFC0FE6-34E6-4D58-BDAB-A9EE9A3EF1D2}.Cloud Release|x86.ActiveCfg = Release|Any CPU
		{DDFC0FE6-34E6-4D58-BDAB-A9EE9A3EF1D2}.Debug|Any CPU.ActiveCfg = Debug|Any CPU
		{DDFC0FE6-34E6-4D58-BDAB-A9EE9A3EF1D2}.Debug|ARM.ActiveCfg = Debug|Any CPU
		{DDFC0FE6-34E6-4D58-BDAB-A9EE9A3EF1D2}.Debug|ARM.Build.0 = Debug|Any CPU
		{DDFC0FE6-34E6-4D58-BDAB-A9EE9A3EF1D2}.Debug|ARM64.ActiveCfg = Debug|Any CPU
		{DDFC0FE6-34E6-4D58-BDAB-A9EE9A3EF1D2}.Debug|ARM64.Build.0 = Debug|Any CPU
		{DDFC0FE6-34E6-4D58-BDAB-A9EE9A3EF1D2}.Debug|x64.ActiveCfg = Debug|Any CPU
		{DDFC0FE6-34E6-4D58-BDAB-A9EE9A3EF1D2}.Debug|x64.Build.0 = Debug|Any CPU
		{DDFC0FE6-34E6-4D58-BDAB-A9EE9A3EF1D2}.Debug|x86.ActiveCfg = Debug|Any CPU
		{DDFC0FE6-34E6-4D58-BDAB-A9EE9A3EF1D2}.Debug|x86.Build.0 = Debug|Any CPU
		{DDFC0FE6-34E6-4D58-BDAB-A9EE9A3EF1D2}.Release|Any CPU.ActiveCfg = Release|Any CPU
		{DDFC0FE6-34E6-4D58-BDAB-A9EE9A3EF1D2}.Release|Any CPU.Build.0 = Release|Any CPU
		{DDFC0FE6-34E6-4D58-BDAB-A9EE9A3EF1D2}.Release|ARM.ActiveCfg = Release|Any CPU
		{DDFC0FE6-34E6-4D58-BDAB-A9EE9A3EF1D2}.Release|ARM.Build.0 = Release|Any CPU
		{DDFC0FE6-34E6-4D58-BDAB-A9EE9A3EF1D2}.Release|ARM64.ActiveCfg = Release|Any CPU
		{DDFC0FE6-34E6-4D58-BDAB-A9EE9A3EF1D2}.Release|ARM64.Build.0 = Release|Any CPU
		{DDFC0FE6-34E6-4D58-BDAB-A9EE9A3EF1D2}.Release|x64.ActiveCfg = Release|Any CPU
		{DDFC0FE6-34E6-4D58-BDAB-A9EE9A3EF1D2}.Release|x64.Build.0 = Release|Any CPU
		{DDFC0FE6-34E6-4D58-BDAB-A9EE9A3EF1D2}.Release|x86.ActiveCfg = Release|Any CPU
		{DDFC0FE6-34E6-4D58-BDAB-A9EE9A3EF1D2}.Release|x86.Build.0 = Release|Any CPU
		{500FF3E7-5689-4958-AF92-3034520DCC7A}.Cloud Release|Any CPU.ActiveCfg = Release|Any CPU
		{500FF3E7-5689-4958-AF92-3034520DCC7A}.Cloud Release|Any CPU.Build.0 = Release|Any CPU
		{500FF3E7-5689-4958-AF92-3034520DCC7A}.Cloud Release|ARM.ActiveCfg = Cloud Release|Any CPU
		{500FF3E7-5689-4958-AF92-3034520DCC7A}.Cloud Release|ARM.Build.0 = Cloud Release|Any CPU
		{500FF3E7-5689-4958-AF92-3034520DCC7A}.Cloud Release|ARM64.ActiveCfg = Cloud Release|Any CPU
		{500FF3E7-5689-4958-AF92-3034520DCC7A}.Cloud Release|ARM64.Build.0 = Cloud Release|Any CPU
		{500FF3E7-5689-4958-AF92-3034520DCC7A}.Cloud Release|x64.ActiveCfg = Cloud Release|Any CPU
		{500FF3E7-5689-4958-AF92-3034520DCC7A}.Cloud Release|x64.Build.0 = Cloud Release|Any CPU
		{500FF3E7-5689-4958-AF92-3034520DCC7A}.Cloud Release|x86.ActiveCfg = Cloud Release|Any CPU
		{500FF3E7-5689-4958-AF92-3034520DCC7A}.Cloud Release|x86.Build.0 = Cloud Release|Any CPU
		{500FF3E7-5689-4958-AF92-3034520DCC7A}.Debug|Any CPU.ActiveCfg = Debug|Any CPU
		{500FF3E7-5689-4958-AF92-3034520DCC7A}.Debug|Any CPU.Build.0 = Debug|Any CPU
		{500FF3E7-5689-4958-AF92-3034520DCC7A}.Debug|ARM.ActiveCfg = Debug|Any CPU
		{500FF3E7-5689-4958-AF92-3034520DCC7A}.Debug|ARM.Build.0 = Debug|Any CPU
		{500FF3E7-5689-4958-AF92-3034520DCC7A}.Debug|ARM64.ActiveCfg = Debug|Any CPU
		{500FF3E7-5689-4958-AF92-3034520DCC7A}.Debug|ARM64.Build.0 = Debug|Any CPU
		{500FF3E7-5689-4958-AF92-3034520DCC7A}.Debug|x64.ActiveCfg = Debug|Any CPU
		{500FF3E7-5689-4958-AF92-3034520DCC7A}.Debug|x64.Build.0 = Debug|Any CPU
		{500FF3E7-5689-4958-AF92-3034520DCC7A}.Debug|x86.ActiveCfg = Debug|Any CPU
		{500FF3E7-5689-4958-AF92-3034520DCC7A}.Debug|x86.Build.0 = Debug|Any CPU
		{500FF3E7-5689-4958-AF92-3034520DCC7A}.Release|Any CPU.ActiveCfg = Release|Any CPU
		{500FF3E7-5689-4958-AF92-3034520DCC7A}.Release|Any CPU.Build.0 = Release|Any CPU
		{500FF3E7-5689-4958-AF92-3034520DCC7A}.Release|ARM.ActiveCfg = Release|Any CPU
		{500FF3E7-5689-4958-AF92-3034520DCC7A}.Release|ARM.Build.0 = Release|Any CPU
		{500FF3E7-5689-4958-AF92-3034520DCC7A}.Release|ARM64.ActiveCfg = Release|Any CPU
		{500FF3E7-5689-4958-AF92-3034520DCC7A}.Release|ARM64.Build.0 = Release|Any CPU
		{500FF3E7-5689-4958-AF92-3034520DCC7A}.Release|x64.ActiveCfg = Release|Any CPU
		{500FF3E7-5689-4958-AF92-3034520DCC7A}.Release|x64.Build.0 = Release|Any CPU
		{500FF3E7-5689-4958-AF92-3034520DCC7A}.Release|x86.ActiveCfg = Release|Any CPU
		{500FF3E7-5689-4958-AF92-3034520DCC7A}.Release|x86.Build.0 = Release|Any CPU
		{E0EB2882-30FF-4B74-B6DD-15DAFB302A45}.Cloud Release|Any CPU.ActiveCfg = Release|Any CPU
		{E0EB2882-30FF-4B74-B6DD-15DAFB302A45}.Cloud Release|Any CPU.Build.0 = Release|Any CPU
		{E0EB2882-30FF-4B74-B6DD-15DAFB302A45}.Cloud Release|ARM.ActiveCfg = Cloud Release|Any CPU
		{E0EB2882-30FF-4B74-B6DD-15DAFB302A45}.Cloud Release|ARM.Build.0 = Cloud Release|Any CPU
		{E0EB2882-30FF-4B74-B6DD-15DAFB302A45}.Cloud Release|ARM64.ActiveCfg = Cloud Release|Any CPU
		{E0EB2882-30FF-4B74-B6DD-15DAFB302A45}.Cloud Release|ARM64.Build.0 = Cloud Release|Any CPU
		{E0EB2882-30FF-4B74-B6DD-15DAFB302A45}.Cloud Release|x64.ActiveCfg = Cloud Release|Any CPU
		{E0EB2882-30FF-4B74-B6DD-15DAFB302A45}.Cloud Release|x64.Build.0 = Cloud Release|Any CPU
		{E0EB2882-30FF-4B74-B6DD-15DAFB302A45}.Cloud Release|x86.ActiveCfg = Cloud Release|Any CPU
		{E0EB2882-30FF-4B74-B6DD-15DAFB302A45}.Cloud Release|x86.Build.0 = Cloud Release|Any CPU
		{E0EB2882-30FF-4B74-B6DD-15DAFB302A45}.Debug|Any CPU.ActiveCfg = Debug|Any CPU
		{E0EB2882-30FF-4B74-B6DD-15DAFB302A45}.Debug|Any CPU.Build.0 = Debug|Any CPU
		{E0EB2882-30FF-4B74-B6DD-15DAFB302A45}.Debug|ARM.ActiveCfg = Debug|Any CPU
		{E0EB2882-30FF-4B74-B6DD-15DAFB302A45}.Debug|ARM.Build.0 = Debug|Any CPU
		{E0EB2882-30FF-4B74-B6DD-15DAFB302A45}.Debug|ARM64.ActiveCfg = Debug|Any CPU
		{E0EB2882-30FF-4B74-B6DD-15DAFB302A45}.Debug|ARM64.Build.0 = Debug|Any CPU
		{E0EB2882-30FF-4B74-B6DD-15DAFB302A45}.Debug|x64.ActiveCfg = Debug|Any CPU
		{E0EB2882-30FF-4B74-B6DD-15DAFB302A45}.Debug|x64.Build.0 = Debug|Any CPU
		{E0EB2882-30FF-4B74-B6DD-15DAFB302A45}.Debug|x86.ActiveCfg = Debug|Any CPU
		{E0EB2882-30FF-4B74-B6DD-15DAFB302A45}.Debug|x86.Build.0 = Debug|Any CPU
		{E0EB2882-30FF-4B74-B6DD-15DAFB302A45}.Release|Any CPU.ActiveCfg = Release|Any CPU
		{E0EB2882-30FF-4B74-B6DD-15DAFB302A45}.Release|Any CPU.Build.0 = Release|Any CPU
		{E0EB2882-30FF-4B74-B6DD-15DAFB302A45}.Release|ARM.ActiveCfg = Release|Any CPU
		{E0EB2882-30FF-4B74-B6DD-15DAFB302A45}.Release|ARM.Build.0 = Release|Any CPU
		{E0EB2882-30FF-4B74-B6DD-15DAFB302A45}.Release|ARM64.ActiveCfg = Release|Any CPU
		{E0EB2882-30FF-4B74-B6DD-15DAFB302A45}.Release|ARM64.Build.0 = Release|Any CPU
		{E0EB2882-30FF-4B74-B6DD-15DAFB302A45}.Release|x64.ActiveCfg = Release|Any CPU
		{E0EB2882-30FF-4B74-B6DD-15DAFB302A45}.Release|x64.Build.0 = Release|Any CPU
		{E0EB2882-30FF-4B74-B6DD-15DAFB302A45}.Release|x86.ActiveCfg = Release|Any CPU
		{E0EB2882-30FF-4B74-B6DD-15DAFB302A45}.Release|x86.Build.0 = Release|Any CPU
		{1ECE9EA9-EA52-4C0D-8125-01BD20001CDA}.Cloud Release|Any CPU.ActiveCfg = Release|Any CPU
		{1ECE9EA9-EA52-4C0D-8125-01BD20001CDA}.Cloud Release|Any CPU.Build.0 = Release|Any CPU
		{1ECE9EA9-EA52-4C0D-8125-01BD20001CDA}.Cloud Release|ARM.ActiveCfg = Cloud Release|Any CPU
		{1ECE9EA9-EA52-4C0D-8125-01BD20001CDA}.Cloud Release|ARM.Build.0 = Cloud Release|Any CPU
		{1ECE9EA9-EA52-4C0D-8125-01BD20001CDA}.Cloud Release|ARM64.ActiveCfg = Cloud Release|Any CPU
		{1ECE9EA9-EA52-4C0D-8125-01BD20001CDA}.Cloud Release|ARM64.Build.0 = Cloud Release|Any CPU
		{1ECE9EA9-EA52-4C0D-8125-01BD20001CDA}.Cloud Release|x64.ActiveCfg = Cloud Release|Any CPU
		{1ECE9EA9-EA52-4C0D-8125-01BD20001CDA}.Cloud Release|x64.Build.0 = Cloud Release|Any CPU
		{1ECE9EA9-EA52-4C0D-8125-01BD20001CDA}.Cloud Release|x86.ActiveCfg = Cloud Release|Any CPU
		{1ECE9EA9-EA52-4C0D-8125-01BD20001CDA}.Cloud Release|x86.Build.0 = Cloud Release|Any CPU
		{1ECE9EA9-EA52-4C0D-8125-01BD20001CDA}.Debug|Any CPU.ActiveCfg = Debug|Any CPU
		{1ECE9EA9-EA52-4C0D-8125-01BD20001CDA}.Debug|Any CPU.Build.0 = Debug|Any CPU
		{1ECE9EA9-EA52-4C0D-8125-01BD20001CDA}.Debug|ARM.ActiveCfg = Debug|Any CPU
		{1ECE9EA9-EA52-4C0D-8125-01BD20001CDA}.Debug|ARM.Build.0 = Debug|Any CPU
		{1ECE9EA9-EA52-4C0D-8125-01BD20001CDA}.Debug|ARM64.ActiveCfg = Debug|Any CPU
		{1ECE9EA9-EA52-4C0D-8125-01BD20001CDA}.Debug|ARM64.Build.0 = Debug|Any CPU
		{1ECE9EA9-EA52-4C0D-8125-01BD20001CDA}.Debug|x64.ActiveCfg = Debug|Any CPU
		{1ECE9EA9-EA52-4C0D-8125-01BD20001CDA}.Debug|x64.Build.0 = Debug|Any CPU
		{1ECE9EA9-EA52-4C0D-8125-01BD20001CDA}.Debug|x86.ActiveCfg = Debug|Any CPU
		{1ECE9EA9-EA52-4C0D-8125-01BD20001CDA}.Debug|x86.Build.0 = Debug|Any CPU
		{1ECE9EA9-EA52-4C0D-8125-01BD20001CDA}.Release|Any CPU.ActiveCfg = Release|Any CPU
		{1ECE9EA9-EA52-4C0D-8125-01BD20001CDA}.Release|Any CPU.Build.0 = Release|Any CPU
		{1ECE9EA9-EA52-4C0D-8125-01BD20001CDA}.Release|ARM.ActiveCfg = Release|Any CPU
		{1ECE9EA9-EA52-4C0D-8125-01BD20001CDA}.Release|ARM.Build.0 = Release|Any CPU
		{1ECE9EA9-EA52-4C0D-8125-01BD20001CDA}.Release|ARM64.ActiveCfg = Release|Any CPU
		{1ECE9EA9-EA52-4C0D-8125-01BD20001CDA}.Release|ARM64.Build.0 = Release|Any CPU
		{1ECE9EA9-EA52-4C0D-8125-01BD20001CDA}.Release|x64.ActiveCfg = Release|Any CPU
		{1ECE9EA9-EA52-4C0D-8125-01BD20001CDA}.Release|x64.Build.0 = Release|Any CPU
		{1ECE9EA9-EA52-4C0D-8125-01BD20001CDA}.Release|x86.ActiveCfg = Release|Any CPU
		{1ECE9EA9-EA52-4C0D-8125-01BD20001CDA}.Release|x86.Build.0 = Release|Any CPU
		{26541B12-BFDB-4212-BF2C-F29941CFDD93}.Cloud Release|Any CPU.ActiveCfg = Release|Any CPU
		{26541B12-BFDB-4212-BF2C-F29941CFDD93}.Cloud Release|Any CPU.Build.0 = Release|Any CPU
		{26541B12-BFDB-4212-BF2C-F29941CFDD93}.Cloud Release|ARM.ActiveCfg = Release|Any CPU
		{26541B12-BFDB-4212-BF2C-F29941CFDD93}.Cloud Release|ARM.Build.0 = Release|Any CPU
		{26541B12-BFDB-4212-BF2C-F29941CFDD93}.Cloud Release|ARM64.ActiveCfg = Release|Any CPU
		{26541B12-BFDB-4212-BF2C-F29941CFDD93}.Cloud Release|ARM64.Build.0 = Release|Any CPU
		{26541B12-BFDB-4212-BF2C-F29941CFDD93}.Cloud Release|x64.ActiveCfg = Release|Any CPU
		{26541B12-BFDB-4212-BF2C-F29941CFDD93}.Cloud Release|x64.Build.0 = Release|Any CPU
		{26541B12-BFDB-4212-BF2C-F29941CFDD93}.Cloud Release|x86.ActiveCfg = Release|Any CPU
		{26541B12-BFDB-4212-BF2C-F29941CFDD93}.Cloud Release|x86.Build.0 = Release|Any CPU
		{26541B12-BFDB-4212-BF2C-F29941CFDD93}.Debug|Any CPU.ActiveCfg = Debug|Any CPU
		{26541B12-BFDB-4212-BF2C-F29941CFDD93}.Debug|Any CPU.Build.0 = Debug|Any CPU
		{26541B12-BFDB-4212-BF2C-F29941CFDD93}.Debug|ARM.ActiveCfg = Debug|Any CPU
		{26541B12-BFDB-4212-BF2C-F29941CFDD93}.Debug|ARM.Build.0 = Debug|Any CPU
		{26541B12-BFDB-4212-BF2C-F29941CFDD93}.Debug|ARM64.ActiveCfg = Debug|Any CPU
		{26541B12-BFDB-4212-BF2C-F29941CFDD93}.Debug|ARM64.Build.0 = Debug|Any CPU
		{26541B12-BFDB-4212-BF2C-F29941CFDD93}.Debug|x64.ActiveCfg = Debug|Any CPU
		{26541B12-BFDB-4212-BF2C-F29941CFDD93}.Debug|x64.Build.0 = Debug|Any CPU
		{26541B12-BFDB-4212-BF2C-F29941CFDD93}.Debug|x86.ActiveCfg = Debug|Any CPU
		{26541B12-BFDB-4212-BF2C-F29941CFDD93}.Debug|x86.Build.0 = Debug|Any CPU
		{26541B12-BFDB-4212-BF2C-F29941CFDD93}.Release|Any CPU.ActiveCfg = Release|Any CPU
		{26541B12-BFDB-4212-BF2C-F29941CFDD93}.Release|Any CPU.Build.0 = Release|Any CPU
		{26541B12-BFDB-4212-BF2C-F29941CFDD93}.Release|ARM.ActiveCfg = Release|Any CPU
		{26541B12-BFDB-4212-BF2C-F29941CFDD93}.Release|ARM.Build.0 = Release|Any CPU
		{26541B12-BFDB-4212-BF2C-F29941CFDD93}.Release|ARM64.ActiveCfg = Release|Any CPU
		{26541B12-BFDB-4212-BF2C-F29941CFDD93}.Release|ARM64.Build.0 = Release|Any CPU
		{26541B12-BFDB-4212-BF2C-F29941CFDD93}.Release|x64.ActiveCfg = Release|Any CPU
		{26541B12-BFDB-4212-BF2C-F29941CFDD93}.Release|x64.Build.0 = Release|Any CPU
		{26541B12-BFDB-4212-BF2C-F29941CFDD93}.Release|x86.ActiveCfg = Release|Any CPU
		{26541B12-BFDB-4212-BF2C-F29941CFDD93}.Release|x86.Build.0 = Release|Any CPU
		{2E2CB446-DAE0-4750-AFD6-7BA310F62813}.Cloud Release|Any CPU.ActiveCfg = Release|Any CPU
		{2E2CB446-DAE0-4750-AFD6-7BA310F62813}.Cloud Release|Any CPU.Build.0 = Release|Any CPU
		{2E2CB446-DAE0-4750-AFD6-7BA310F62813}.Cloud Release|ARM.ActiveCfg = Release|Any CPU
		{2E2CB446-DAE0-4750-AFD6-7BA310F62813}.Cloud Release|ARM.Build.0 = Release|Any CPU
		{2E2CB446-DAE0-4750-AFD6-7BA310F62813}.Cloud Release|ARM64.ActiveCfg = Release|Any CPU
		{2E2CB446-DAE0-4750-AFD6-7BA310F62813}.Cloud Release|ARM64.Build.0 = Release|Any CPU
		{2E2CB446-DAE0-4750-AFD6-7BA310F62813}.Cloud Release|x64.ActiveCfg = Release|Any CPU
		{2E2CB446-DAE0-4750-AFD6-7BA310F62813}.Cloud Release|x64.Build.0 = Release|Any CPU
		{2E2CB446-DAE0-4750-AFD6-7BA310F62813}.Cloud Release|x86.ActiveCfg = Release|Any CPU
		{2E2CB446-DAE0-4750-AFD6-7BA310F62813}.Cloud Release|x86.Build.0 = Release|Any CPU
		{2E2CB446-DAE0-4750-AFD6-7BA310F62813}.Debug|Any CPU.ActiveCfg = Debug|Any CPU
		{2E2CB446-DAE0-4750-AFD6-7BA310F62813}.Debug|Any CPU.Build.0 = Debug|Any CPU
		{2E2CB446-DAE0-4750-AFD6-7BA310F62813}.Debug|ARM.ActiveCfg = Debug|Any CPU
		{2E2CB446-DAE0-4750-AFD6-7BA310F62813}.Debug|ARM.Build.0 = Debug|Any CPU
		{2E2CB446-DAE0-4750-AFD6-7BA310F62813}.Debug|ARM64.ActiveCfg = Debug|Any CPU
		{2E2CB446-DAE0-4750-AFD6-7BA310F62813}.Debug|ARM64.Build.0 = Debug|Any CPU
		{2E2CB446-DAE0-4750-AFD6-7BA310F62813}.Debug|x64.ActiveCfg = Debug|Any CPU
		{2E2CB446-DAE0-4750-AFD6-7BA310F62813}.Debug|x64.Build.0 = Debug|Any CPU
		{2E2CB446-DAE0-4750-AFD6-7BA310F62813}.Debug|x86.ActiveCfg = Debug|Any CPU
		{2E2CB446-DAE0-4750-AFD6-7BA310F62813}.Debug|x86.Build.0 = Debug|Any CPU
		{2E2CB446-DAE0-4750-AFD6-7BA310F62813}.Release|Any CPU.ActiveCfg = Release|Any CPU
		{2E2CB446-DAE0-4750-AFD6-7BA310F62813}.Release|Any CPU.Build.0 = Release|Any CPU
		{2E2CB446-DAE0-4750-AFD6-7BA310F62813}.Release|ARM.ActiveCfg = Release|Any CPU
		{2E2CB446-DAE0-4750-AFD6-7BA310F62813}.Release|ARM.Build.0 = Release|Any CPU
		{2E2CB446-DAE0-4750-AFD6-7BA310F62813}.Release|ARM64.ActiveCfg = Release|Any CPU
		{2E2CB446-DAE0-4750-AFD6-7BA310F62813}.Release|ARM64.Build.0 = Release|Any CPU
		{2E2CB446-DAE0-4750-AFD6-7BA310F62813}.Release|x64.ActiveCfg = Release|Any CPU
		{2E2CB446-DAE0-4750-AFD6-7BA310F62813}.Release|x64.Build.0 = Release|Any CPU
		{2E2CB446-DAE0-4750-AFD6-7BA310F62813}.Release|x86.ActiveCfg = Release|Any CPU
		{2E2CB446-DAE0-4750-AFD6-7BA310F62813}.Release|x86.Build.0 = Release|Any CPU
		{509D94F9-26E7-49A4-8834-E7763CCEA20B}.Cloud Release|Any CPU.ActiveCfg = Release|Any CPU
		{509D94F9-26E7-49A4-8834-E7763CCEA20B}.Cloud Release|Any CPU.Build.0 = Release|Any CPU
		{509D94F9-26E7-49A4-8834-E7763CCEA20B}.Cloud Release|ARM.ActiveCfg = Release|Any CPU
		{509D94F9-26E7-49A4-8834-E7763CCEA20B}.Cloud Release|ARM.Build.0 = Release|Any CPU
		{509D94F9-26E7-49A4-8834-E7763CCEA20B}.Cloud Release|ARM64.ActiveCfg = Release|Any CPU
		{509D94F9-26E7-49A4-8834-E7763CCEA20B}.Cloud Release|ARM64.Build.0 = Release|Any CPU
		{509D94F9-26E7-49A4-8834-E7763CCEA20B}.Cloud Release|x64.ActiveCfg = Release|Any CPU
		{509D94F9-26E7-49A4-8834-E7763CCEA20B}.Cloud Release|x64.Build.0 = Release|Any CPU
		{509D94F9-26E7-49A4-8834-E7763CCEA20B}.Cloud Release|x86.ActiveCfg = Release|Any CPU
		{509D94F9-26E7-49A4-8834-E7763CCEA20B}.Cloud Release|x86.Build.0 = Release|Any CPU
		{509D94F9-26E7-49A4-8834-E7763CCEA20B}.Debug|Any CPU.ActiveCfg = Debug|Any CPU
		{509D94F9-26E7-49A4-8834-E7763CCEA20B}.Debug|Any CPU.Build.0 = Debug|Any CPU
		{509D94F9-26E7-49A4-8834-E7763CCEA20B}.Debug|ARM.ActiveCfg = Debug|Any CPU
		{509D94F9-26E7-49A4-8834-E7763CCEA20B}.Debug|ARM.Build.0 = Debug|Any CPU
		{509D94F9-26E7-49A4-8834-E7763CCEA20B}.Debug|ARM64.ActiveCfg = Debug|Any CPU
		{509D94F9-26E7-49A4-8834-E7763CCEA20B}.Debug|ARM64.Build.0 = Debug|Any CPU
		{509D94F9-26E7-49A4-8834-E7763CCEA20B}.Debug|x64.ActiveCfg = Debug|Any CPU
		{509D94F9-26E7-49A4-8834-E7763CCEA20B}.Debug|x64.Build.0 = Debug|Any CPU
		{509D94F9-26E7-49A4-8834-E7763CCEA20B}.Debug|x86.ActiveCfg = Debug|Any CPU
		{509D94F9-26E7-49A4-8834-E7763CCEA20B}.Debug|x86.Build.0 = Debug|Any CPU
		{509D94F9-26E7-49A4-8834-E7763CCEA20B}.Release|Any CPU.ActiveCfg = Release|Any CPU
		{509D94F9-26E7-49A4-8834-E7763CCEA20B}.Release|Any CPU.Build.0 = Release|Any CPU
		{509D94F9-26E7-49A4-8834-E7763CCEA20B}.Release|ARM.ActiveCfg = Release|Any CPU
		{509D94F9-26E7-49A4-8834-E7763CCEA20B}.Release|ARM.Build.0 = Release|Any CPU
		{509D94F9-26E7-49A4-8834-E7763CCEA20B}.Release|ARM64.ActiveCfg = Release|Any CPU
		{509D94F9-26E7-49A4-8834-E7763CCEA20B}.Release|ARM64.Build.0 = Release|Any CPU
		{509D94F9-26E7-49A4-8834-E7763CCEA20B}.Release|x64.ActiveCfg = Release|Any CPU
		{509D94F9-26E7-49A4-8834-E7763CCEA20B}.Release|x64.Build.0 = Release|Any CPU
		{509D94F9-26E7-49A4-8834-E7763CCEA20B}.Release|x86.ActiveCfg = Release|Any CPU
		{509D94F9-26E7-49A4-8834-E7763CCEA20B}.Release|x86.Build.0 = Release|Any CPU
		{3EFEAE21-41D2-4F44-9DD2-FF2955F0FF0D}.Cloud Release|Any CPU.ActiveCfg = Release|Any CPU
		{3EFEAE21-41D2-4F44-9DD2-FF2955F0FF0D}.Cloud Release|Any CPU.Build.0 = Release|Any CPU
		{3EFEAE21-41D2-4F44-9DD2-FF2955F0FF0D}.Cloud Release|ARM.ActiveCfg = Release|Any CPU
		{3EFEAE21-41D2-4F44-9DD2-FF2955F0FF0D}.Cloud Release|ARM.Build.0 = Release|Any CPU
		{3EFEAE21-41D2-4F44-9DD2-FF2955F0FF0D}.Cloud Release|ARM64.ActiveCfg = Release|Any CPU
		{3EFEAE21-41D2-4F44-9DD2-FF2955F0FF0D}.Cloud Release|ARM64.Build.0 = Release|Any CPU
		{3EFEAE21-41D2-4F44-9DD2-FF2955F0FF0D}.Cloud Release|x64.ActiveCfg = Release|Any CPU
		{3EFEAE21-41D2-4F44-9DD2-FF2955F0FF0D}.Cloud Release|x64.Build.0 = Release|Any CPU
		{3EFEAE21-41D2-4F44-9DD2-FF2955F0FF0D}.Cloud Release|x86.ActiveCfg = Release|Any CPU
		{3EFEAE21-41D2-4F44-9DD2-FF2955F0FF0D}.Cloud Release|x86.Build.0 = Release|Any CPU
		{3EFEAE21-41D2-4F44-9DD2-FF2955F0FF0D}.Debug|Any CPU.ActiveCfg = Debug|Any CPU
		{3EFEAE21-41D2-4F44-9DD2-FF2955F0FF0D}.Debug|Any CPU.Build.0 = Debug|Any CPU
		{3EFEAE21-41D2-4F44-9DD2-FF2955F0FF0D}.Debug|ARM.ActiveCfg = Debug|Any CPU
		{3EFEAE21-41D2-4F44-9DD2-FF2955F0FF0D}.Debug|ARM.Build.0 = Debug|Any CPU
		{3EFEAE21-41D2-4F44-9DD2-FF2955F0FF0D}.Debug|ARM64.ActiveCfg = Debug|Any CPU
		{3EFEAE21-41D2-4F44-9DD2-FF2955F0FF0D}.Debug|ARM64.Build.0 = Debug|Any CPU
		{3EFEAE21-41D2-4F44-9DD2-FF2955F0FF0D}.Debug|x64.ActiveCfg = Debug|Any CPU
		{3EFEAE21-41D2-4F44-9DD2-FF2955F0FF0D}.Debug|x64.Build.0 = Debug|Any CPU
		{3EFEAE21-41D2-4F44-9DD2-FF2955F0FF0D}.Debug|x86.ActiveCfg = Debug|Any CPU
		{3EFEAE21-41D2-4F44-9DD2-FF2955F0FF0D}.Debug|x86.Build.0 = Debug|Any CPU
		{3EFEAE21-41D2-4F44-9DD2-FF2955F0FF0D}.Release|Any CPU.ActiveCfg = Release|Any CPU
		{3EFEAE21-41D2-4F44-9DD2-FF2955F0FF0D}.Release|Any CPU.Build.0 = Release|Any CPU
		{3EFEAE21-41D2-4F44-9DD2-FF2955F0FF0D}.Release|ARM.ActiveCfg = Release|Any CPU
		{3EFEAE21-41D2-4F44-9DD2-FF2955F0FF0D}.Release|ARM.Build.0 = Release|Any CPU
		{3EFEAE21-41D2-4F44-9DD2-FF2955F0FF0D}.Release|ARM64.ActiveCfg = Release|Any CPU
		{3EFEAE21-41D2-4F44-9DD2-FF2955F0FF0D}.Release|ARM64.Build.0 = Release|Any CPU
		{3EFEAE21-41D2-4F44-9DD2-FF2955F0FF0D}.Release|x64.ActiveCfg = Release|Any CPU
		{3EFEAE21-41D2-4F44-9DD2-FF2955F0FF0D}.Release|x64.Build.0 = Release|Any CPU
		{3EFEAE21-41D2-4F44-9DD2-FF2955F0FF0D}.Release|x86.ActiveCfg = Release|Any CPU
		{3EFEAE21-41D2-4F44-9DD2-FF2955F0FF0D}.Release|x86.Build.0 = Release|Any CPU
		{2FC33C45-DC97-443B-B06F-9E46BF67114E}.Cloud Release|Any CPU.ActiveCfg = Release|Any CPU
		{2FC33C45-DC97-443B-B06F-9E46BF67114E}.Cloud Release|Any CPU.Build.0 = Release|Any CPU
		{2FC33C45-DC97-443B-B06F-9E46BF67114E}.Cloud Release|ARM.ActiveCfg = Release|Any CPU
		{2FC33C45-DC97-443B-B06F-9E46BF67114E}.Cloud Release|ARM.Build.0 = Release|Any CPU
		{2FC33C45-DC97-443B-B06F-9E46BF67114E}.Cloud Release|ARM64.ActiveCfg = Release|Any CPU
		{2FC33C45-DC97-443B-B06F-9E46BF67114E}.Cloud Release|ARM64.Build.0 = Release|Any CPU
		{2FC33C45-DC97-443B-B06F-9E46BF67114E}.Cloud Release|x64.ActiveCfg = Release|Any CPU
		{2FC33C45-DC97-443B-B06F-9E46BF67114E}.Cloud Release|x64.Build.0 = Release|Any CPU
		{2FC33C45-DC97-443B-B06F-9E46BF67114E}.Cloud Release|x86.ActiveCfg = Release|Any CPU
		{2FC33C45-DC97-443B-B06F-9E46BF67114E}.Cloud Release|x86.Build.0 = Release|Any CPU
		{2FC33C45-DC97-443B-B06F-9E46BF67114E}.Debug|Any CPU.ActiveCfg = Debug|Any CPU
		{2FC33C45-DC97-443B-B06F-9E46BF67114E}.Debug|Any CPU.Build.0 = Debug|Any CPU
		{2FC33C45-DC97-443B-B06F-9E46BF67114E}.Debug|ARM.ActiveCfg = Debug|Any CPU
		{2FC33C45-DC97-443B-B06F-9E46BF67114E}.Debug|ARM.Build.0 = Debug|Any CPU
		{2FC33C45-DC97-443B-B06F-9E46BF67114E}.Debug|ARM64.ActiveCfg = Debug|Any CPU
		{2FC33C45-DC97-443B-B06F-9E46BF67114E}.Debug|ARM64.Build.0 = Debug|Any CPU
		{2FC33C45-DC97-443B-B06F-9E46BF67114E}.Debug|x64.ActiveCfg = Debug|Any CPU
		{2FC33C45-DC97-443B-B06F-9E46BF67114E}.Debug|x64.Build.0 = Debug|Any CPU
		{2FC33C45-DC97-443B-B06F-9E46BF67114E}.Debug|x86.ActiveCfg = Debug|Any CPU
		{2FC33C45-DC97-443B-B06F-9E46BF67114E}.Debug|x86.Build.0 = Debug|Any CPU
		{2FC33C45-DC97-443B-B06F-9E46BF67114E}.Release|Any CPU.ActiveCfg = Release|Any CPU
		{2FC33C45-DC97-443B-B06F-9E46BF67114E}.Release|Any CPU.Build.0 = Release|Any CPU
		{2FC33C45-DC97-443B-B06F-9E46BF67114E}.Release|ARM.ActiveCfg = Release|Any CPU
		{2FC33C45-DC97-443B-B06F-9E46BF67114E}.Release|ARM.Build.0 = Release|Any CPU
		{2FC33C45-DC97-443B-B06F-9E46BF67114E}.Release|ARM64.ActiveCfg = Release|Any CPU
		{2FC33C45-DC97-443B-B06F-9E46BF67114E}.Release|ARM64.Build.0 = Release|Any CPU
		{2FC33C45-DC97-443B-B06F-9E46BF67114E}.Release|x64.ActiveCfg = Release|Any CPU
		{2FC33C45-DC97-443B-B06F-9E46BF67114E}.Release|x64.Build.0 = Release|Any CPU
		{2FC33C45-DC97-443B-B06F-9E46BF67114E}.Release|x86.ActiveCfg = Release|Any CPU
		{2FC33C45-DC97-443B-B06F-9E46BF67114E}.Release|x86.Build.0 = Release|Any CPU
		{5170B683-26C4-4563-988E-4EDFD89FA9D7}.Cloud Release|Any CPU.ActiveCfg = Release|Any CPU
		{5170B683-26C4-4563-988E-4EDFD89FA9D7}.Cloud Release|Any CPU.Build.0 = Release|Any CPU
		{5170B683-26C4-4563-988E-4EDFD89FA9D7}.Cloud Release|ARM.ActiveCfg = Release|Any CPU
		{5170B683-26C4-4563-988E-4EDFD89FA9D7}.Cloud Release|ARM.Build.0 = Release|Any CPU
		{5170B683-26C4-4563-988E-4EDFD89FA9D7}.Cloud Release|ARM64.ActiveCfg = Release|Any CPU
		{5170B683-26C4-4563-988E-4EDFD89FA9D7}.Cloud Release|ARM64.Build.0 = Release|Any CPU
		{5170B683-26C4-4563-988E-4EDFD89FA9D7}.Cloud Release|x64.ActiveCfg = Release|Any CPU
		{5170B683-26C4-4563-988E-4EDFD89FA9D7}.Cloud Release|x64.Build.0 = Release|Any CPU
		{5170B683-26C4-4563-988E-4EDFD89FA9D7}.Cloud Release|x86.ActiveCfg = Release|Any CPU
		{5170B683-26C4-4563-988E-4EDFD89FA9D7}.Cloud Release|x86.Build.0 = Release|Any CPU
		{5170B683-26C4-4563-988E-4EDFD89FA9D7}.Debug|Any CPU.ActiveCfg = Debug|Any CPU
		{5170B683-26C4-4563-988E-4EDFD89FA9D7}.Debug|Any CPU.Build.0 = Debug|Any CPU
		{5170B683-26C4-4563-988E-4EDFD89FA9D7}.Debug|ARM.ActiveCfg = Debug|Any CPU
		{5170B683-26C4-4563-988E-4EDFD89FA9D7}.Debug|ARM.Build.0 = Debug|Any CPU
		{5170B683-26C4-4563-988E-4EDFD89FA9D7}.Debug|ARM64.ActiveCfg = Debug|Any CPU
		{5170B683-26C4-4563-988E-4EDFD89FA9D7}.Debug|ARM64.Build.0 = Debug|Any CPU
		{5170B683-26C4-4563-988E-4EDFD89FA9D7}.Debug|x64.ActiveCfg = Debug|Any CPU
		{5170B683-26C4-4563-988E-4EDFD89FA9D7}.Debug|x64.Build.0 = Debug|Any CPU
		{5170B683-26C4-4563-988E-4EDFD89FA9D7}.Debug|x86.ActiveCfg = Debug|Any CPU
		{5170B683-26C4-4563-988E-4EDFD89FA9D7}.Debug|x86.Build.0 = Debug|Any CPU
		{5170B683-26C4-4563-988E-4EDFD89FA9D7}.Release|Any CPU.ActiveCfg = Release|Any CPU
		{5170B683-26C4-4563-988E-4EDFD89FA9D7}.Release|Any CPU.Build.0 = Release|Any CPU
		{5170B683-26C4-4563-988E-4EDFD89FA9D7}.Release|ARM.ActiveCfg = Release|Any CPU
		{5170B683-26C4-4563-988E-4EDFD89FA9D7}.Release|ARM.Build.0 = Release|Any CPU
		{5170B683-26C4-4563-988E-4EDFD89FA9D7}.Release|ARM64.ActiveCfg = Release|Any CPU
		{5170B683-26C4-4563-988E-4EDFD89FA9D7}.Release|ARM64.Build.0 = Release|Any CPU
		{5170B683-26C4-4563-988E-4EDFD89FA9D7}.Release|x64.ActiveCfg = Release|Any CPU
		{5170B683-26C4-4563-988E-4EDFD89FA9D7}.Release|x64.Build.0 = Release|Any CPU
		{5170B683-26C4-4563-988E-4EDFD89FA9D7}.Release|x86.ActiveCfg = Release|Any CPU
		{5170B683-26C4-4563-988E-4EDFD89FA9D7}.Release|x86.Build.0 = Release|Any CPU
	EndGlobalSection
	GlobalSection(SolutionProperties) = preSolution
		HideSolutionNode = FALSE
	EndGlobalSection
	GlobalSection(ExtensibilityGlobals) = postSolution
		SolutionGuid = {AEFF9F85-9F0E-4F26-A418-BFF14764A970}
	EndGlobalSection
EndGlobal
